
Microsoft Visual Studio Solution File, Format Version 12.00
# Visual Studio Version 17
VisualStudioVersion = 17.4.33403.182
MinimumVisualStudioVersion = 10.0.40219.1
Project("{9A19103F-16F7-4668-BE54-9A1E7A4F7556}") = "CG_PR1", "ComputerGraphics\CG_PR1.csproj", "{909D4014-62ED-460A-8200-F2B59420A90F}"
EndProject
Global
	GlobalSection(SolutionConfigurationPlatforms) = preSolution
		Debug|Any CPU = Debug|Any CPU
		Release|Any CPU = Release|Any CPU
	EndGlobalSection
	GlobalSection(ProjectConfigurationPlatforms) = postSolution
		{909D4014-62ED-460A-8200-F2B59420A90F}.Debug|Any CPU.ActiveCfg = Debug|Any CPU
		{909D4014-62ED-460A-8200-F2B59420A90F}.Debug|Any CPU.Build.0 = Debug|Any CPU
		{909D4014-62ED-460A-8200-F2B59420A90F}.Release|Any CPU.ActiveCfg = Release|Any CPU
		{909D4014-62ED-460A-8200-F2B59420A90F}.Release|Any CPU.Build.0 = Release|Any CPU
	EndGlobalSection
	GlobalSection(SolutionProperties) = preSolution
		HideSolutionNode = FALSE
	EndGlobalSection
	GlobalSection(ExtensibilityGlobals) = postSolution
		SolutionGuid = {409266FA-C7BD-4851-82E8-0478E9C5F848}
	EndGlobalSection
EndGlobal
